{
  "meteor": {},
  "dependencies": {
    "basePackages": {
      "gravatar": {}
    },
    "packages": {
      "gravatar": {
        "git": "https://github.com/tmeasday/meteor-gravatar.git",
        "tag": "v0.0.4",
        "commit": "d1052ff4401725c23fb199c0e0a36e29b926bc22"
      },
      "crypto-md5": {
        "git": "https://github.com/tmeasday/meteor-crypto-md5.git",
        "tag": "v0.0.2",
        "commit": "a943bea4cffeac9a14c2825dfe57d32b9d677e6f"
      },
      "crypto-base": {
        "git": "https://github.com/tmeasday/meteor-crypto-base.git",
        "tag": "v0.0.3",
        "commit": "fdc0b7b3d24e2e31c5c95beddafe890ffbaafd42"
      }
    }
  }
}
